
Microsoft Visual Studio Solution File, Format Version 11.00
# Visual Studio 2010
Project("{FAE04EC0-301F-11D3-BF4B-00C04F79EFBC}") = "Scouting.DataLayer", "Scouting.DataLayer\Scouting.DataLayer.csproj", "{149220F5-0335-4824-9342-3F9C4EAF5BDE}"
EndProject
Project("{FAE04EC0-301F-11D3-BF4B-00C04F79EFBC}") = "Scouting.RestService", "Scouting.RestService\Scouting.RestService.csproj", "{C0BC533F-F39A-4491-8EB5-77EBC85CEF14}"
EndProject
Global
	GlobalSection(SolutionConfigurationPlatforms) = preSolution
		Debug|Any CPU = Debug|Any CPU
		Release|Any CPU = Release|Any CPU
	EndGlobalSection
	GlobalSection(ProjectConfigurationPlatforms) = postSolution
		{149220F5-0335-4824-9342-3F9C4EAF5BDE}.Debug|Any CPU.ActiveCfg = Debug|Any CPU
		{149220F5-0335-4824-9342-3F9C4EAF5BDE}.Debug|Any CPU.Build.0 = Debug|Any CPU
		{149220F5-0335-4824-9342-3F9C4EAF5BDE}.Release|Any CPU.ActiveCfg = Release|Any CPU
		{149220F5-0335-4824-9342-3F9C4EAF5BDE}.Release|Any CPU.Build.0 = Release|Any CPU
		{C0BC533F-F39A-4491-8EB5-77EBC85CEF14}.Debug|Any CPU.ActiveCfg = Debug|Any CPU
		{C0BC533F-F39A-4491-8EB5-77EBC85CEF14}.Debug|Any CPU.Build.0 = Debug|Any CPU
		{C0BC533F-F39A-4491-8EB5-77EBC85CEF14}.Release|Any CPU.ActiveCfg = Release|Any CPU
		{C0BC533F-F39A-4491-8EB5-77EBC85CEF14}.Release|Any CPU.Build.0 = Release|Any CPU
	EndGlobalSection
	GlobalSection(SolutionProperties) = preSolution
		HideSolutionNode = FALSE
	EndGlobalSection
EndGlobal
